
Microsoft Visual Studio Solution File, Format Version 12.00
# Visual Studio Version 17
VisualStudioVersion = 17.1.31911.260
MinimumVisualStudioVersion = 10.0.40219.1
Project("{FAE04EC0-301F-11D3-BF4B-00C04F79EFBC}") = "Marya", "Marya.csproj", "{7B82FDE6-5F34-46CC-BAE7-F0ADCBA7141B}"
EndProject
Global
	GlobalSection(SolutionConfigurationPlatforms) = preSolution
		Debug|Any CPU = Debug|Any CPU
		Release|Any CPU = Release|Any CPU
	EndGlobalSection
	GlobalSection(ProjectConfigurationPlatforms) = postSolution
		{7B82FDE6-5F34-46CC-BAE7-F0ADCBA7141B}.Debug|Any CPU.ActiveCfg = Debug|Any CPU
		{7B82FDE6-5F34-46CC-BAE7-F0ADCBA7141B}.Debug|Any CPU.Build.0 = Debug|Any CPU
		{7B82FDE6-5F34-46CC-BAE7-F0ADCBA7141B}.Release|Any CPU.ActiveCfg = Release|Any CPU
		{7B82FDE6-5F34-46CC-BAE7-F0ADCBA7141B}.Release|Any CPU.Build.0 = Release|Any CPU
	EndGlobalSection
	GlobalSection(SolutionProperties) = preSolution
		HideSolutionNode = FALSE
	EndGlobalSection
	GlobalSection(ExtensibilityGlobals) = postSolution
		SolutionGuid = {290BDDEB-5913-4971-B9FE-3041C38533C9}
	EndGlobalSection
EndGlobal
